{
  "version": 4,
  "terraform_version": "1.15.5",
  "serial": 212,
  "lineage": "dbeba26d-e01a-e4a1-7f4c-871d61558217",
  "outputs": {
    "postgres_endpoint": {
      "value": "bse-postgres.c1i6eqmie4pa.eu-central-1.rds.amazonaws.com",
      "type": "string"
    },
    "postgres_port": {
      "value": 5432,
      "type": "number"
    }
  },
  "resources": [
    {
      "mode": "data",
      "type": "aws_region",
      "name": "current",
      "provider": "provider[\"registry.terraform.io/hashicorp/aws\"]",
      "instances": [
        {
          "schema_version": 0,
          "attributes": {
            "description": "Europe (Frankfurt)",
            "endpoint": "ec2.eu-central-1.amazonaws.com",
            "id": "eu-central-1",
            "name": "eu-central-1",
            "region": "eu-central-1"
          },
          "sensitive_attributes": [],
          "identity_schema_version": 0
        }
      ]
    },
    {
      "mode": "managed",
      "type": "aws_db_instance",
      "name": "postgres",
      "provider": "provider[\"registry.terraform.io/hashicorp/aws\"]",
      "instances": [
        {
          "schema_version": 2,
          "attributes": {
            "address": "bse-postgres.c1i6eqmie4pa.eu-central-1.rds.amazonaws.com",
            "allocated_storage": 20,
            "allow_major_version_upgrade": null,
            "apply_immediately": false,
            "arn": "arn:aws:rds:eu-central-1:459969247641:db:bse-postgres",
            "auto_minor_version_upgrade": true,
            "availability_zone": "eu-central-1a",
            "backup_retention_period": 0,
            "backup_target": "region",
            "backup_window": "21:08-21:38",
            "blue_green_update": [],
            "ca_cert_identifier": "rds-ca-rsa2048-g1",
            "character_set_name": "",
            "copy_tags_to_snapshot": false,
            "custom_iam_instance_profile": "",
            "customer_owned_ip_enabled": false,
            "database_insights_mode": "standard",
            "db_name": "postgres",
            "db_subnet_group_name": "rds-subnet-group",
            "dedicated_log_volume": false,
            "delete_automated_backups": true,
            "deletion_protection": false,
            "domain": "",
            "domain_auth_secret_arn": "",
            "domain_dns_ips": [],
            "domain_fqdn": "",
            "domain_iam_role_name": "",
            "domain_ou": "",
            "enabled_cloudwatch_logs_exports": [],
            "endpoint": "bse-postgres.c1i6eqmie4pa.eu-central-1.rds.amazonaws.com:5432",
            "engine": "postgres",
            "engine_lifecycle_support": "open-source-rds-extended-support",
            "engine_version": "18.3",
            "engine_version_actual": "18.3",
            "final_snapshot_identifier": null,
            "hosted_zone_id": "Z1RLNUO7B9Q6NB",
            "iam_database_authentication_enabled": false,
            "id": "db-JIZL5C2XCE33DTGYJJ3XC343KE",
            "identifier": "bse-postgres",
            "identifier_prefix": "",
            "instance_class": "db.t4g.micro",
            "iops": 0,
            "kms_key_id": "",
            "latest_restorable_time": "",
            "license_model": "postgresql-license",
            "listener_endpoint": [],
            "maintenance_window": "sun:22:09-sun:22:39",
            "manage_master_user_password": true,
            "master_user_secret": [
              {
                "kms_key_id": "arn:aws:kms:eu-central-1:459969247641:key/e07edfaf-59a0-4c02-bcc1-b44324e92d10",
                "secret_arn": "arn:aws:secretsmanager:eu-central-1:459969247641:secret:rds!db-31f5b772-0149-41eb-9b75-96cd1617c06e-FNIvJT",
                "secret_status": "active"
              }
            ],
            "master_user_secret_kms_key_id": null,
            "max_allocated_storage": 100,
            "monitoring_interval": 0,
            "monitoring_role_arn": "",
            "multi_az": false,
            "nchar_character_set_name": "",
            "network_type": "IPV4",
            "option_group_name": "default:postgres-18",
            "parameter_group_name": "default.postgres18",
            "password": null,
            "password_wo": null,
            "password_wo_version": null,
            "performance_insights_enabled": false,
            "performance_insights_kms_key_id": "",
            "performance_insights_retention_period": 0,
            "port": 5432,
            "publicly_accessible": false,
            "region": "eu-central-1",
            "replica_mode": "",
            "replicas": [],
            "replicate_source_db": "",
            "resource_id": "db-JIZL5C2XCE33DTGYJJ3XC343KE",
            "restore_to_point_in_time": [],
            "s3_import": [],
            "skip_final_snapshot": true,
            "snapshot_identifier": null,
            "status": "available",
            "storage_encrypted": false,
            "storage_throughput": 0,
            "storage_type": "gp2",
            "tags": {},
            "tags_all": {},
            "timeouts": null,
            "timezone": "",
            "upgrade_rollout_order": "second",
            "upgrade_storage_config": null,
            "username": "postgres",
            "vpc_security_group_ids": [
              "sg-02285a137ed11268c"
            ]
          },
          "sensitive_attributes": [
            [
              {
                "type": "get_attr",
                "value": "password"
              }
            ],
            [
              {
                "type": "get_attr",
                "value": "password_wo"
              }
            ]
          ],
          "identity_schema_version": 0,
          "private": "eyJlMmJmYjczMC1lY2FhLTExZTYtOGY4OC0zNDM2M2JjN2M0YzAiOnsiY3JlYXRlIjozMDAwMDAwMDAwMDAwLCJkZWxldGUiOjM2MDAwMDAwMDAwMDAsInVwZGF0ZSI6NDgwMDAwMDAwMDAwMH0sInNjaGVtYV92ZXJzaW9uIjoiMiJ9",
          "dependencies": [
            "aws_db_subnet_group.rds_subnet_group",
            "aws_security_group.aurora",
            "aws_subnet.private1",
            "aws_subnet.private2",
            "aws_vpc.main"
          ]
        }
      ]
    },
    {
      "mode": "managed",
      "type": "aws_db_subnet_group",
      "name": "rds_subnet_group",
      "provider": "provider[\"registry.terraform.io/hashicorp/aws\"]",
      "instances": [
        {
          "schema_version": 0,
          "attributes": {
            "arn": "arn:aws:rds:eu-central-1:459969247641:subgrp:rds-subnet-group",
            "description": "Managed by Terraform",
            "id": "rds-subnet-group",
            "name": "rds-subnet-group",
            "name_prefix": "",
            "region": "eu-central-1",
            "subnet_ids": [
              "subnet-0ca4c159931efaac6",
              "subnet-0e3d1d751860d6196"
            ],
            "supported_network_types": [
              "IPV4"
            ],
            "tags": {},
            "tags_all": {},
            "vpc_id": "vpc-007040c763d566028"
          },
          "sensitive_attributes": [],
          "identity_schema_version": 0,
          "identity": {
            "account_id": "459969247641",
            "name": "rds-subnet-group",
            "region": "eu-central-1"
          },
          "private": "bnVsbA==",
          "dependencies": [
            "aws_subnet.private1",
            "aws_subnet.private2",
            "aws_vpc.main"
          ]
        }
      ]
    },
    {
      "mode": "managed",
      "type": "aws_iam_instance_profile",
      "name": "bastion_profile",
      "provider": "provider[\"registry.terraform.io/hashicorp/aws\"]",
      "instances": [
        {
          "schema_version": 0,
          "attributes": {
            "arn": "arn:aws:iam::459969247641:instance-profile/bastion-profile",
            "create_date": "2026-06-06T06:10:22Z",
            "id": "bastion-profile",
            "name": "bastion-profile",
            "name_prefix": "",
            "path": "/",
            "role": "bastion-ssm-role",
            "tags": {},
            "tags_all": {},
            "unique_id": "AIPAWWGCNXGMTLPYFCKOX"
          },
          "sensitive_attributes": [],
          "identity_schema_version": 0,
          "identity": {
            "account_id": "459969247641",
            "name": "bastion-profile"
          },
          "private": "bnVsbA==",
          "dependencies": [
            "aws_iam_role.bastion_ssm_role"
          ]
        }
      ]
    },
    {
      "mode": "managed",
      "type": "aws_iam_role",
      "name": "bastion_ssm_role",
      "provider": "provider[\"registry.terraform.io/hashicorp/aws\"]",
      "instances": [
        {
          "schema_version": 0,
          "attributes": {
            "arn": "arn:aws:iam::459969247641:role/bastion-ssm-role",
            "assume_role_policy": "{\"Statement\":[{\"Action\":\"sts:AssumeRole\",\"Effect\":\"Allow\",\"Principal\":{\"Service\":\"ec2.amazonaws.com\"}}],\"Version\":\"2012-10-17\"}",
            "create_date": "2026-06-06T06:10:21Z",
            "description": "",
            "force_detach_policies": false,
            "id": "bastion-ssm-role",
            "inline_policy": [],
            "managed_policy_arns": [
              "arn:aws:iam::aws:policy/AmazonSSMManagedInstanceCore"
            ],
            "max_session_duration": 3600,
            "name": "bastion-ssm-role",
            "name_prefix": "",
            "path": "/",
            "permissions_boundary": "",
            "tags": {},
            "tags_all": {},
            "unique_id": "AROAWWGCNXGM5WCULM2Y4"
          },
          "sensitive_attributes": [],
          "identity_schema_version": 0,
          "identity": {
            "account_id": "459969247641",
            "name": "bastion-ssm-role"
          },
          "private": "bnVsbA=="
        }
      ]
    },
    {
      "mode": "managed",
      "type": "aws_iam_role",
      "name": "scheduler_role",
      "provider": "provider[\"registry.terraform.io/hashicorp/aws\"]",
      "instances": [
        {
          "schema_version": 0,
          "attributes": {
            "arn": "arn:aws:iam::459969247641:role/auto-stop-scheduler-role",
            "assume_role_policy": "{\"Statement\":[{\"Action\":\"sts:AssumeRole\",\"Effect\":\"Allow\",\"Principal\":{\"Service\":\"scheduler.amazonaws.com\"}}],\"Version\":\"2012-10-17\"}",
            "create_date": "2026-06-06T06:10:21Z",
            "description": "",
            "force_detach_policies": false,
            "id": "auto-stop-scheduler-role",
            "inline_policy": [
              {
                "name": "auto-stop-policy",
                "policy": "{\"Version\":\"2012-10-17\",\"Statement\":[{\"Action\":[\"rds:StopDBInstance\",\"rds:StartDBInstance\"],\"Effect\":\"Allow\",\"Resource\":[\"arn:aws:rds:eu-central-1:459969247641:db:bse-postgres\"]},{\"Action\":[\"ec2:StopInstances\",\"ec2:StartInstances\"],\"Effect\":\"Allow\",\"Resource\":[\"arn:aws:ec2:eu-central-1:459969247641:instance/i-0a9fca1bc3032e6db\"]}]}"
              }
            ],
            "managed_policy_arns": [],
            "max_session_duration": 3600,
            "name": "auto-stop-scheduler-role",
            "name_prefix": "",
            "path": "/",
            "permissions_boundary": "",
            "tags": {},
            "tags_all": {},
            "unique_id": "AROAWWGCNXGMVQH53CZFW"
          },
          "sensitive_attributes": [],
          "identity_schema_version": 0,
          "identity": {
            "account_id": "459969247641",
            "name": "auto-stop-scheduler-role"
          },
          "private": "bnVsbA=="
        }
      ]
    },
    {
      "mode": "managed",
      "type": "aws_iam_role_policy",
      "name": "scheduler_policy",
      "provider": "provider[\"registry.terraform.io/hashicorp/aws\"]",
      "instances": [
        {
          "schema_version": 0,
          "attributes": {
            "id": "auto-stop-scheduler-role:auto-stop-policy",
            "name": "auto-stop-policy",
            "name_prefix": "",
            "policy": "{\"Version\":\"2012-10-17\",\"Statement\":[{\"Action\":[\"rds:StopDBInstance\",\"rds:StartDBInstance\"],\"Effect\":\"Allow\",\"Resource\":[\"arn:aws:rds:eu-central-1:459969247641:db:bse-postgres\"]},{\"Action\":[\"ec2:StopInstances\",\"ec2:StartInstances\"],\"Effect\":\"Allow\",\"Resource\":[\"arn:aws:ec2:eu-central-1:459969247641:instance/i-0a9fca1bc3032e6db\"]}]}",
            "role": "auto-stop-scheduler-role"
          },
          "sensitive_attributes": [],
          "identity_schema_version": 0,
          "identity": {
            "account_id": "459969247641",
            "name": "auto-stop-policy",
            "role": "auto-stop-scheduler-role"
          },
          "private": "bnVsbA==",
          "dependencies": [
            "aws_db_instance.postgres",
            "aws_db_subnet_group.rds_subnet_group",
            "aws_iam_instance_profile.bastion_profile",
            "aws_iam_role.bastion_ssm_role",
            "aws_iam_role.scheduler_role",
            "aws_instance.bastion_ssm",
            "aws_security_group.aurora",
            "aws_security_group.bastion_sg",
            "aws_subnet.private1",
            "aws_subnet.private2",
            "aws_vpc.main"
          ]
        }
      ]
    },
    {
      "mode": "managed",
      "type": "aws_iam_role_policy_attachment",
      "name": "bastion_ssm_attach",
      "provider": "provider[\"registry.terraform.io/hashicorp/aws\"]",
      "instances": [
        {
          "schema_version": 0,
          "attributes": {
            "id": "bastion-ssm-role/arn:aws:iam::aws:policy/AmazonSSMManagedInstanceCore",
            "policy_arn": "arn:aws:iam::aws:policy/AmazonSSMManagedInstanceCore",
            "role": "bastion-ssm-role"
          },
          "sensitive_attributes": [],
          "identity_schema_version": 0,
          "identity": {
            "account_id": "459969247641",
            "policy_arn": "arn:aws:iam::aws:policy/AmazonSSMManagedInstanceCore",
            "role": "bastion-ssm-role"
          },
          "private": "bnVsbA==",
          "dependencies": [
            "aws_iam_role.bastion_ssm_role"
          ]
        }
      ]
    },
    {
      "mode": "managed",
      "type": "aws_instance",
      "name": "bastion_ssm",
      "provider": "provider[\"registry.terraform.io/hashicorp/aws\"]",
      "instances": [
        {
          "schema_version": 2,
          "attributes": {
            "ami": "ami-0faab6bdbac9486fb",
            "arn": "arn:aws:ec2:eu-central-1:459969247641:instance/i-0a9fca1bc3032e6db",
            "associate_public_ip_address": false,
            "availability_zone": "eu-central-1a",
            "capacity_reservation_specification": [
              {
                "capacity_reservation_preference": "open",
                "capacity_reservation_target": []
              }
            ],
            "cpu_options": [
              {
                "amd_sev_snp": "",
                "core_count": 1,
                "nested_virtualization": "",
                "threads_per_core": 2
              }
            ],
            "credit_specification": [
              {
                "cpu_credits": "unlimited"
              }
            ],
            "disable_api_stop": false,
            "disable_api_termination": false,
            "ebs_block_device": [],
            "ebs_optimized": false,
            "enable_primary_ipv6": null,
            "enclave_options": [
              {
                "enabled": false
              }
            ],
            "ephemeral_block_device": [],
            "force_destroy": false,
            "get_password_data": false,
            "hibernation": false,
            "host_id": "",
            "host_resource_group_arn": null,
            "iam_instance_profile": "bastion-profile",
            "id": "i-0a9fca1bc3032e6db",
            "instance_initiated_shutdown_behavior": "stop",
            "instance_lifecycle": "",
            "instance_market_options": [],
            "instance_state": "running",
            "instance_type": "t3.nano",
            "ipv6_address_count": 0,
            "ipv6_addresses": [],
            "key_name": "",
            "launch_template": [],
            "maintenance_options": [
              {
                "auto_recovery": "default"
              }
            ],
            "metadata_options": [
              {
                "http_endpoint": "enabled",
                "http_protocol_ipv6": "disabled",
                "http_put_response_hop_limit": 1,
                "http_tokens": "optional",
                "instance_metadata_tags": "disabled"
              }
            ],
            "monitoring": false,
            "network_interface": [],
            "outpost_arn": "",
            "password_data": "",
            "placement_group": "",
            "placement_group_id": "",
            "placement_partition_number": 0,
            "primary_network_interface": [
              {
                "delete_on_termination": true,
                "network_interface_id": "eni-0eb54161237a53444"
              }
            ],
            "primary_network_interface_id": "eni-0eb54161237a53444",
            "private_dns": "ip-10-0-1-167.eu-central-1.compute.internal",
            "private_dns_name_options": [
              {
                "enable_resource_name_dns_a_record": false,
                "enable_resource_name_dns_aaaa_record": false,
                "hostname_type": "ip-name"
              }
            ],
            "private_ip": "10.0.1.167",
            "public_dns": "",
            "public_ip": "",
            "region": "eu-central-1",
            "root_block_device": [
              {
                "delete_on_termination": true,
                "device_name": "/dev/sda1",
                "encrypted": false,
                "iops": 100,
                "kms_key_id": "",
                "tags": {},
                "tags_all": {},
                "throughput": 0,
                "volume_id": "vol-0a74e4697d27afc4b",
                "volume_size": 8,
                "volume_type": "gp2"
              }
            ],
            "secondary_network_interface": [],
            "secondary_private_ips": [],
            "security_groups": [],
            "source_dest_check": true,
            "spot_instance_request_id": "",
            "subnet_id": "subnet-0ca4c159931efaac6",
            "tags": {
              "Name": "bastion-private-ssm"
            },
            "tags_all": {
              "Name": "bastion-private-ssm"
            },
            "tenancy": "default",
            "timeouts": null,
            "user_data": null,
            "user_data_base64": null,
            "user_data_replace_on_change": false,
            "volume_tags": null,
            "vpc_security_group_ids": [
              "sg-04b04b1a6f85d0170"
            ]
          },
          "sensitive_attributes": [],
          "identity_schema_version": 0,
          "identity": {
            "account_id": "459969247641",
            "id": "i-0a9fca1bc3032e6db",
            "region": "eu-central-1"
          },
          "private": "eyJlMmJmYjczMC1lY2FhLTExZTYtOGY4OC0zNDM2M2JjN2M0YzAiOnsiY3JlYXRlIjo2MDAwMDAwMDAwMDAsImRlbGV0ZSI6MTIwMDAwMDAwMDAwMCwicmVhZCI6OTAwMDAwMDAwMDAwLCJ1cGRhdGUiOjYwMDAwMDAwMDAwMH0sInNjaGVtYV92ZXJzaW9uIjoiMiJ9",
          "dependencies": [
            "aws_iam_instance_profile.bastion_profile",
            "aws_iam_role.bastion_ssm_role",
            "aws_security_group.bastion_sg",
            "aws_subnet.private1",
            "aws_vpc.main"
          ]
        }
      ]
    },
    {
      "mode": "managed",
      "type": "aws_scheduler_schedule",
      "name": "start_ec2",
      "provider": "provider[\"registry.terraform.io/hashicorp/aws\"]",
      "instances": [
        {
          "schema_version": 0,
          "attributes": {
            "action_after_completion": "NONE",
            "arn": "arn:aws:scheduler:eu-central-1:459969247641:schedule/default/start-bse-bastion-morning",
            "description": "",
            "end_date": "",
            "flexible_time_window": [
              {
                "maximum_window_in_minutes": 0,
                "mode": "OFF"
              }
            ],
            "group_name": "default",
            "id": "default/start-bse-bastion-morning",
            "kms_key_arn": "",
            "name": "start-bse-bastion-morning",
            "name_prefix": "",
            "region": "eu-central-1",
            "schedule_expression": "cron(0 10 * * ? *)",
            "schedule_expression_timezone": "Asia/Kolkata",
            "start_date": "",
            "state": "ENABLED",
            "target": [
              {
                "arn": "arn:aws:scheduler:::aws-sdk:ec2:startInstances",
                "dead_letter_config": [],
                "ecs_parameters": [],
                "eventbridge_parameters": [],
                "input": "{\"InstanceIds\":[\"i-0a9fca1bc3032e6db\"]}",
                "kinesis_parameters": [],
                "retry_policy": [
                  {
                    "maximum_event_age_in_seconds": 86400,
                    "maximum_retry_attempts": 185
                  }
                ],
                "role_arn": "arn:aws:iam::459969247641:role/auto-stop-scheduler-role",
                "sagemaker_pipeline_parameters": [],
                "sqs_parameters": []
              }
            ]
          },
          "sensitive_attributes": [],
          "identity_schema_version": 0,
          "private": "bnVsbA==",
          "dependencies": [
            "aws_iam_instance_profile.bastion_profile",
            "aws_iam_role.bastion_ssm_role",
            "aws_iam_role.scheduler_role",
            "aws_instance.bastion_ssm",
            "aws_security_group.bastion_sg",
            "aws_subnet.private1",
            "aws_vpc.main"
          ]
        }
      ]
    },
    {
      "mode": "managed",
      "type": "aws_scheduler_schedule",
      "name": "start_rds",
      "provider": "provider[\"registry.terraform.io/hashicorp/aws\"]",
      "instances": [
        {
          "schema_version": 0,
          "attributes": {
            "action_after_completion": "NONE",
            "arn": "arn:aws:scheduler:eu-central-1:459969247641:schedule/default/start-bse-rds-morning",
            "description": "",
            "end_date": "",
            "flexible_time_window": [
              {
                "maximum_window_in_minutes": 0,
                "mode": "OFF"
              }
            ],
            "group_name": "default",
            "id": "default/start-bse-rds-morning",
            "kms_key_arn": "",
            "name": "start-bse-rds-morning",
            "name_prefix": "",
            "region": "eu-central-1",
            "schedule_expression": "cron(0 10 * * ? *)",
            "schedule_expression_timezone": "Asia/Kolkata",
            "start_date": "",
            "state": "ENABLED",
            "target": [
              {
                "arn": "arn:aws:scheduler:::aws-sdk:rds:startDBInstance",
                "dead_letter_config": [],
                "ecs_parameters": [],
                "eventbridge_parameters": [],
                "input": "{\"DbInstanceIdentifier\":\"bse-postgres\"}",
                "kinesis_parameters": [],
                "retry_policy": [
                  {
                    "maximum_event_age_in_seconds": 86400,
                    "maximum_retry_attempts": 185
                  }
                ],
                "role_arn": "arn:aws:iam::459969247641:role/auto-stop-scheduler-role",
                "sagemaker_pipeline_parameters": [],
                "sqs_parameters": []
              }
            ]
          },
          "sensitive_attributes": [],
          "identity_schema_version": 0,
          "private": "bnVsbA==",
          "dependencies": [
            "aws_db_instance.postgres",
            "aws_db_subnet_group.rds_subnet_group",
            "aws_iam_role.scheduler_role",
            "aws_security_group.aurora",
            "aws_subnet.private1",
            "aws_subnet.private2",
            "aws_vpc.main"
          ]
        }
      ]
    },
    {
      "mode": "managed",
      "type": "aws_scheduler_schedule",
      "name": "stop_ec2",
      "provider": "provider[\"registry.terraform.io/hashicorp/aws\"]",
      "instances": [
        {
          "schema_version": 0,
          "attributes": {
            "action_after_completion": "NONE",
            "arn": "arn:aws:scheduler:eu-central-1:459969247641:schedule/default/stop-bse-bastion-nightly",
            "description": "",
            "end_date": "",
            "flexible_time_window": [
              {
                "maximum_window_in_minutes": 0,
                "mode": "OFF"
              }
            ],
            "group_name": "default",
            "id": "default/stop-bse-bastion-nightly",
            "kms_key_arn": "",
            "name": "stop-bse-bastion-nightly",
            "name_prefix": "",
            "region": "eu-central-1",
            "schedule_expression": "cron(0 22 * * ? *)",
            "schedule_expression_timezone": "Asia/Kolkata",
            "start_date": "",
            "state": "ENABLED",
            "target": [
              {
                "arn": "arn:aws:scheduler:::aws-sdk:ec2:stopInstances",
                "dead_letter_config": [],
                "ecs_parameters": [],
                "eventbridge_parameters": [],
                "input": "{\"InstanceIds\":[\"i-0a9fca1bc3032e6db\"]}",
                "kinesis_parameters": [],
                "retry_policy": [
                  {
                    "maximum_event_age_in_seconds": 86400,
                    "maximum_retry_attempts": 185
                  }
                ],
                "role_arn": "arn:aws:iam::459969247641:role/auto-stop-scheduler-role",
                "sagemaker_pipeline_parameters": [],
                "sqs_parameters": []
              }
            ]
          },
          "sensitive_attributes": [],
          "identity_schema_version": 0,
          "private": "bnVsbA==",
          "dependencies": [
            "aws_iam_instance_profile.bastion_profile",
            "aws_iam_role.bastion_ssm_role",
            "aws_iam_role.scheduler_role",
            "aws_instance.bastion_ssm",
            "aws_security_group.bastion_sg",
            "aws_subnet.private1",
            "aws_vpc.main"
          ]
        }
      ]
    },
    {
      "mode": "managed",
      "type": "aws_scheduler_schedule",
      "name": "stop_rds",
      "provider": "provider[\"registry.terraform.io/hashicorp/aws\"]",
      "instances": [
        {
          "schema_version": 0,
          "attributes": {
            "action_after_completion": "NONE",
            "arn": "arn:aws:scheduler:eu-central-1:459969247641:schedule/default/stop-bse-rds-nightly",
            "description": "",
            "end_date": "",
            "flexible_time_window": [
              {
                "maximum_window_in_minutes": 0,
                "mode": "OFF"
              }
            ],
            "group_name": "default",
            "id": "default/stop-bse-rds-nightly",
            "kms_key_arn": "",
            "name": "stop-bse-rds-nightly",
            "name_prefix": "",
            "region": "eu-central-1",
            "schedule_expression": "cron(0 22 * * ? *)",
            "schedule_expression_timezone": "Asia/Kolkata",
            "start_date": "",
            "state": "ENABLED",
            "target": [
              {
                "arn": "arn:aws:scheduler:::aws-sdk:rds:stopDBInstance",
                "dead_letter_config": [],
                "ecs_parameters": [],
                "eventbridge_parameters": [],
                "input": "{\"DbInstanceIdentifier\":\"bse-postgres\"}",
                "kinesis_parameters": [],
                "retry_policy": [
                  {
                    "maximum_event_age_in_seconds": 86400,
                    "maximum_retry_attempts": 185
                  }
                ],
                "role_arn": "arn:aws:iam::459969247641:role/auto-stop-scheduler-role",
                "sagemaker_pipeline_parameters": [],
                "sqs_parameters": []
              }
            ]
          },
          "sensitive_attributes": [],
          "identity_schema_version": 0,
          "private": "bnVsbA==",
          "dependencies": [
            "aws_db_instance.postgres",
            "aws_db_subnet_group.rds_subnet_group",
            "aws_iam_role.scheduler_role",
            "aws_security_group.aurora",
            "aws_subnet.private1",
            "aws_subnet.private2",
            "aws_vpc.main"
          ]
        }
      ]
    },
    {
      "mode": "managed",
      "type": "aws_security_group",
      "name": "aurora",
      "provider": "provider[\"registry.terraform.io/hashicorp/aws\"]",
      "instances": [
        {
          "schema_version": 1,
          "attributes": {
            "arn": "arn:aws:ec2:eu-central-1:459969247641:security-group/sg-02285a137ed11268c",
            "description": "Managed by Terraform",
            "egress": [
              {
                "cidr_blocks": [
                  "0.0.0.0/0"
                ],
                "description": "",
                "from_port": 0,
                "ipv6_cidr_blocks": [],
                "prefix_list_ids": [],
                "protocol": "-1",
                "security_groups": [],
                "self": false,
                "to_port": 0
              }
            ],
            "id": "sg-02285a137ed11268c",
            "ingress": [
              {
                "cidr_blocks": [
                  "10.0.0.0/16"
                ],
                "description": "",
                "from_port": 5432,
                "ipv6_cidr_blocks": [],
                "prefix_list_ids": [],
                "protocol": "tcp",
                "security_groups": [
                  "sg-04b04b1a6f85d0170"
                ],
                "self": false,
                "to_port": 5432
              }
            ],
            "name": "postgres-sg",
            "name_prefix": "",
            "owner_id": "459969247641",
            "region": "eu-central-1",
            "revoke_rules_on_delete": true,
            "tags": {},
            "tags_all": {},
            "timeouts": null,
            "vpc_id": "vpc-007040c763d566028"
          },
          "sensitive_attributes": [],
          "identity_schema_version": 0,
          "identity": {
            "account_id": "459969247641",
            "id": "sg-02285a137ed11268c",
            "region": "eu-central-1"
          },
          "private": "eyJlMmJmYjczMC1lY2FhLTExZTYtOGY4OC0zNDM2M2JjN2M0YzAiOnsiY3JlYXRlIjo2MDAwMDAwMDAwMDAsImRlbGV0ZSI6OTAwMDAwMDAwMDAwfSwic2NoZW1hX3ZlcnNpb24iOiIxIn0=",
          "dependencies": [
            "aws_vpc.main"
          ]
        }
      ]
    },
    {
      "mode": "managed",
      "type": "aws_security_group",
      "name": "bastion_sg",
      "provider": "provider[\"registry.terraform.io/hashicorp/aws\"]",
      "instances": [
        {
          "schema_version": 1,
          "attributes": {
            "arn": "arn:aws:ec2:eu-central-1:459969247641:security-group/sg-04b04b1a6f85d0170",
            "description": "Managed by Terraform",
            "egress": [
              {
                "cidr_blocks": [
                  "0.0.0.0/0"
                ],
                "description": "",
                "from_port": 0,
                "ipv6_cidr_blocks": [],
                "prefix_list_ids": [],
                "protocol": "-1",
                "security_groups": [],
                "self": false,
                "to_port": 0
              }
            ],
            "id": "sg-04b04b1a6f85d0170",
            "ingress": [
              {
                "cidr_blocks": [
                  "223.190.0.0/16"
                ],
                "description": "",
                "from_port": 22,
                "ipv6_cidr_blocks": [],
                "prefix_list_ids": [],
                "protocol": "tcp",
                "security_groups": [],
                "self": false,
                "to_port": 22
              }
            ],
            "name": "bastion-sg",
            "name_prefix": "",
            "owner_id": "459969247641",
            "region": "eu-central-1",
            "revoke_rules_on_delete": true,
            "tags": {},
            "tags_all": {},
            "timeouts": null,
            "vpc_id": "vpc-007040c763d566028"
          },
          "sensitive_attributes": [],
          "identity_schema_version": 0,
          "identity": {
            "account_id": "459969247641",
            "id": "sg-04b04b1a6f85d0170",
            "region": "eu-central-1"
          },
          "private": "eyJlMmJmYjczMC1lY2FhLTExZTYtOGY4OC0zNDM2M2JjN2M0YzAiOnsiY3JlYXRlIjo2MDAwMDAwMDAwMDAsImRlbGV0ZSI6OTAwMDAwMDAwMDAwfSwic2NoZW1hX3ZlcnNpb24iOiIxIn0=",
          "dependencies": [
            "aws_vpc.main"
          ]
        }
      ]
    },
    {
      "mode": "managed",
      "type": "aws_security_group",
      "name": "vpc_endpoints_sg",
      "provider": "provider[\"registry.terraform.io/hashicorp/aws\"]",
      "instances": [
        {
          "schema_version": 1,
          "attributes": {
            "arn": "arn:aws:ec2:eu-central-1:459969247641:security-group/sg-0aee4cbc1c916454e",
            "description": "Managed by Terraform",
            "egress": [],
            "id": "sg-0aee4cbc1c916454e",
            "ingress": [
              {
                "cidr_blocks": [
                  "10.0.0.0/16"
                ],
                "description": "",
                "from_port": 443,
                "ipv6_cidr_blocks": [],
                "prefix_list_ids": [],
                "protocol": "tcp",
                "security_groups": [],
                "self": false,
                "to_port": 443
              }
            ],
            "name": "ssm-vpc-endpoints-sg",
            "name_prefix": "",
            "owner_id": "459969247641",
            "region": "eu-central-1",
            "revoke_rules_on_delete": true,
            "tags": {},
            "tags_all": {},
            "timeouts": null,
            "vpc_id": "vpc-007040c763d566028"
          },
          "sensitive_attributes": [],
          "identity_schema_version": 0,
          "identity": {
            "account_id": "459969247641",
            "id": "sg-0aee4cbc1c916454e",
            "region": "eu-central-1"
          },
          "private": "eyJlMmJmYjczMC1lY2FhLTExZTYtOGY4OC0zNDM2M2JjN2M0YzAiOnsiY3JlYXRlIjo2MDAwMDAwMDAwMDAsImRlbGV0ZSI6OTAwMDAwMDAwMDAwfSwic2NoZW1hX3ZlcnNpb24iOiIxIn0=",
          "dependencies": [
            "aws_vpc.main"
          ]
        }
      ]
    },
    {
      "mode": "managed",
      "type": "aws_security_group_rule",
      "name": "bastion_egress_all",
      "provider": "provider[\"registry.terraform.io/hashicorp/aws\"]",
      "instances": [
        {
          "schema_version": 2,
          "attributes": {
            "cidr_blocks": [
              "0.0.0.0/0"
            ],
            "description": null,
            "from_port": 0,
            "id": "sgrule-2446872712",
            "ipv6_cidr_blocks": null,
            "prefix_list_ids": null,
            "protocol": "-1",
            "region": "eu-central-1",
            "security_group_id": "sg-04b04b1a6f85d0170",
            "security_group_rule_id": "sgr-018a4678d463e4b9d",
            "self": false,
            "source_security_group_id": null,
            "timeouts": null,
            "to_port": 0,
            "type": "egress"
          },
          "sensitive_attributes": [],
          "identity_schema_version": 0,
          "private": "eyJlMmJmYjczMC1lY2FhLTExZTYtOGY4OC0zNDM2M2JjN2M0YzAiOnsiY3JlYXRlIjozMDAwMDAwMDAwMDB9LCJzY2hlbWFfdmVyc2lvbiI6IjIifQ==",
          "dependencies": [
            "aws_security_group.bastion_sg",
            "aws_vpc.main"
          ]
        }
      ]
    },
    {
      "mode": "managed",
      "type": "aws_security_group_rule",
      "name": "egress_all",
      "provider": "provider[\"registry.terraform.io/hashicorp/aws\"]",
      "instances": [
        {
          "schema_version": 2,
          "attributes": {
            "cidr_blocks": [
              "0.0.0.0/0"
            ],
            "description": null,
            "from_port": 0,
            "id": "sgrule-353011691",
            "ipv6_cidr_blocks": null,
            "prefix_list_ids": null,
            "protocol": "-1",
            "region": "eu-central-1",
            "security_group_id": "sg-02285a137ed11268c",
            "security_group_rule_id": "sgr-01b63e692173c13e9",
            "self": false,
            "source_security_group_id": null,
            "timeouts": null,
            "to_port": 0,
            "type": "egress"
          },
          "sensitive_attributes": [],
          "identity_schema_version": 0,
          "private": "eyJlMmJmYjczMC1lY2FhLTExZTYtOGY4OC0zNDM2M2JjN2M0YzAiOnsiY3JlYXRlIjozMDAwMDAwMDAwMDB9LCJzY2hlbWFfdmVyc2lvbiI6IjIifQ==",
          "dependencies": [
            "aws_security_group.aurora",
            "aws_vpc.main"
          ]
        }
      ]
    },
    {
      "mode": "managed",
      "type": "aws_security_group_rule",
      "name": "postgres_from_bastion",
      "provider": "provider[\"registry.terraform.io/hashicorp/aws\"]",
      "instances": [
        {
          "schema_version": 2,
          "attributes": {
            "cidr_blocks": null,
            "description": null,
            "from_port": 5432,
            "id": "sgrule-2558298371",
            "ipv6_cidr_blocks": null,
            "prefix_list_ids": null,
            "protocol": "tcp",
            "region": "eu-central-1",
            "security_group_id": "sg-02285a137ed11268c",
            "security_group_rule_id": "sgr-05716b6d9214d7018",
            "self": false,
            "source_security_group_id": "sg-04b04b1a6f85d0170",
            "timeouts": null,
            "to_port": 5432,
            "type": "ingress"
          },
          "sensitive_attributes": [],
          "identity_schema_version": 0,
          "private": "eyJlMmJmYjczMC1lY2FhLTExZTYtOGY4OC0zNDM2M2JjN2M0YzAiOnsiY3JlYXRlIjozMDAwMDAwMDAwMDB9LCJzY2hlbWFfdmVyc2lvbiI6IjIifQ==",
          "dependencies": [
            "aws_security_group.aurora",
            "aws_security_group.bastion_sg",
            "aws_vpc.main"
          ]
        }
      ]
    },
    {
      "mode": "managed",
      "type": "aws_security_group_rule",
      "name": "postgres_from_vpc",
      "provider": "provider[\"registry.terraform.io/hashicorp/aws\"]",
      "instances": [
        {
          "schema_version": 2,
          "attributes": {
            "cidr_blocks": [
              "10.0.0.0/16"
            ],
            "description": null,
            "from_port": 5432,
            "id": "sgrule-2515499898",
            "ipv6_cidr_blocks": null,
            "prefix_list_ids": null,
            "protocol": "tcp",
            "region": "eu-central-1",
            "security_group_id": "sg-02285a137ed11268c",
            "security_group_rule_id": "sgr-08cc2a449c8a61251",
            "self": false,
            "source_security_group_id": null,
            "timeouts": null,
            "to_port": 5432,
            "type": "ingress"
          },
          "sensitive_attributes": [],
          "identity_schema_version": 0,
          "private": "eyJlMmJmYjczMC1lY2FhLTExZTYtOGY4OC0zNDM2M2JjN2M0YzAiOnsiY3JlYXRlIjozMDAwMDAwMDAwMDB9LCJzY2hlbWFfdmVyc2lvbiI6IjIifQ==",
          "dependencies": [
            "aws_security_group.aurora",
            "aws_vpc.main"
          ]
        }
      ]
    },
    {
      "mode": "managed",
      "type": "aws_security_group_rule",
      "name": "ssh_in",
      "provider": "provider[\"registry.terraform.io/hashicorp/aws\"]",
      "instances": [
        {
          "schema_version": 2,
          "attributes": {
            "cidr_blocks": [
              "223.190.0.0/16"
            ],
            "description": null,
            "from_port": 22,
            "id": "sgrule-625812117",
            "ipv6_cidr_blocks": null,
            "prefix_list_ids": null,
            "protocol": "tcp",
            "region": "eu-central-1",
            "security_group_id": "sg-04b04b1a6f85d0170",
            "security_group_rule_id": "sgr-0929a964ef33b0d53",
            "self": false,
            "source_security_group_id": null,
            "timeouts": null,
            "to_port": 22,
            "type": "ingress"
          },
          "sensitive_attributes": [],
          "identity_schema_version": 0,
          "private": "eyJlMmJmYjczMC1lY2FhLTExZTYtOGY4OC0zNDM2M2JjN2M0YzAiOnsiY3JlYXRlIjozMDAwMDAwMDAwMDB9LCJzY2hlbWFfdmVyc2lvbiI6IjIifQ==",
          "dependencies": [
            "aws_security_group.bastion_sg",
            "aws_vpc.main"
          ]
        }
      ]
    },
    {
      "mode": "managed",
      "type": "aws_subnet",
      "name": "private1",
      "provider": "provider[\"registry.terraform.io/hashicorp/aws\"]",
      "instances": [
        {
          "schema_version": 1,
          "attributes": {
            "arn": "arn:aws:ec2:eu-central-1:459969247641:subnet/subnet-0ca4c159931efaac6",
            "assign_ipv6_address_on_creation": false,
            "availability_zone": "eu-central-1a",
            "availability_zone_id": "euc1-az2",
            "cidr_block": "10.0.1.0/24",
            "customer_owned_ipv4_pool": "",
            "enable_dns64": false,
            "enable_lni_at_device_index": 0,
            "enable_resource_name_dns_a_record_on_launch": false,
            "enable_resource_name_dns_aaaa_record_on_launch": false,
            "id": "subnet-0ca4c159931efaac6",
            "ipv4_ipam_pool_id": null,
            "ipv4_netmask_length": null,
            "ipv6_cidr_block": "",
            "ipv6_cidr_block_association_id": "",
            "ipv6_ipam_pool_id": null,
            "ipv6_native": false,
            "ipv6_netmask_length": null,
            "map_customer_owned_ip_on_launch": false,
            "map_public_ip_on_launch": false,
            "outpost_arn": "",
            "owner_id": "459969247641",
            "private_dns_hostname_type_on_launch": "ip-name",
            "region": "eu-central-1",
            "tags": {},
            "tags_all": {},
            "timeouts": null,
            "vpc_id": "vpc-007040c763d566028"
          },
          "sensitive_attributes": [],
          "identity_schema_version": 0,
          "identity": {
            "account_id": "459969247641",
            "id": "subnet-0ca4c159931efaac6",
            "region": "eu-central-1"
          },
          "private": "eyJlMmJmYjczMC1lY2FhLTExZTYtOGY4OC0zNDM2M2JjN2M0YzAiOnsiY3JlYXRlIjo2MDAwMDAwMDAwMDAsImRlbGV0ZSI6MTIwMDAwMDAwMDAwMH0sInNjaGVtYV92ZXJzaW9uIjoiMSJ9",
          "dependencies": [
            "aws_vpc.main"
          ]
        }
      ]
    },
    {
      "mode": "managed",
      "type": "aws_subnet",
      "name": "private2",
      "provider": "provider[\"registry.terraform.io/hashicorp/aws\"]",
      "instances": [
        {
          "schema_version": 1,
          "attributes": {
            "arn": "arn:aws:ec2:eu-central-1:459969247641:subnet/subnet-0e3d1d751860d6196",
            "assign_ipv6_address_on_creation": false,
            "availability_zone": "eu-central-1b",
            "availability_zone_id": "euc1-az3",
            "cidr_block": "10.0.2.0/24",
            "customer_owned_ipv4_pool": "",
            "enable_dns64": false,
            "enable_lni_at_device_index": 0,
            "enable_resource_name_dns_a_record_on_launch": false,
            "enable_resource_name_dns_aaaa_record_on_launch": false,
            "id": "subnet-0e3d1d751860d6196",
            "ipv4_ipam_pool_id": null,
            "ipv4_netmask_length": null,
            "ipv6_cidr_block": "",
            "ipv6_cidr_block_association_id": "",
            "ipv6_ipam_pool_id": null,
            "ipv6_native": false,
            "ipv6_netmask_length": null,
            "map_customer_owned_ip_on_launch": false,
            "map_public_ip_on_launch": false,
            "outpost_arn": "",
            "owner_id": "459969247641",
            "private_dns_hostname_type_on_launch": "ip-name",
            "region": "eu-central-1",
            "tags": {},
            "tags_all": {},
            "timeouts": null,
            "vpc_id": "vpc-007040c763d566028"
          },
          "sensitive_attributes": [],
          "identity_schema_version": 0,
          "identity": {
            "account_id": "459969247641",
            "id": "subnet-0e3d1d751860d6196",
            "region": "eu-central-1"
          },
          "private": "eyJlMmJmYjczMC1lY2FhLTExZTYtOGY4OC0zNDM2M2JjN2M0YzAiOnsiY3JlYXRlIjo2MDAwMDAwMDAwMDAsImRlbGV0ZSI6MTIwMDAwMDAwMDAwMH0sInNjaGVtYV92ZXJzaW9uIjoiMSJ9",
          "dependencies": [
            "aws_vpc.main"
          ]
        }
      ]
    },
    {
      "mode": "managed",
      "type": "aws_vpc",
      "name": "main",
      "provider": "provider[\"registry.terraform.io/hashicorp/aws\"]",
      "instances": [
        {
          "schema_version": 1,
          "attributes": {
            "arn": "arn:aws:ec2:eu-central-1:459969247641:vpc/vpc-007040c763d566028",
            "assign_generated_ipv6_cidr_block": false,
            "cidr_block": "10.0.0.0/16",
            "default_network_acl_id": "acl-0f57a906a67b925f9",
            "default_route_table_id": "rtb-018b3daac12a0280f",
            "default_security_group_id": "sg-054a18ec37c81f18d",
            "dhcp_options_id": "dopt-0fc637242c8048a6f",
            "enable_dns_hostnames": true,
            "enable_dns_support": true,
            "enable_network_address_usage_metrics": false,
            "id": "vpc-007040c763d566028",
            "instance_tenancy": "default",
            "ipv4_ipam_pool_id": null,
            "ipv4_netmask_length": null,
            "ipv6_association_id": "",
            "ipv6_cidr_block": "",
            "ipv6_cidr_block_network_border_group": "",
            "ipv6_ipam_pool_id": "",
            "ipv6_netmask_length": 0,
            "main_route_table_id": "rtb-018b3daac12a0280f",
            "owner_id": "459969247641",
            "region": "eu-central-1",
            "tags": {},
            "tags_all": {}
          },
          "sensitive_attributes": [],
          "identity_schema_version": 0,
          "identity": {
            "account_id": "459969247641",
            "id": "vpc-007040c763d566028",
            "region": "eu-central-1"
          },
          "private": "eyJzY2hlbWFfdmVyc2lvbiI6IjEifQ=="
        }
      ]
    },
    {
      "mode": "managed",
      "type": "aws_vpc_endpoint",
      "name": "ec2messages",
      "provider": "provider[\"registry.terraform.io/hashicorp/aws\"]",
      "instances": [
        {
          "schema_version": 0,
          "attributes": {
            "arn": "arn:aws:ec2:eu-central-1:459969247641:vpc-endpoint/vpce-0eed4524df2a763aa",
            "auto_accept": null,
            "cidr_blocks": [],
            "dns_entry": [
              {
                "dns_name": "vpce-0eed4524df2a763aa-vkml1ygp.ec2messages.eu-central-1.vpce.amazonaws.com",
                "hosted_zone_id": "Z273ZU8SZ5RJPC"
              },
              {
                "dns_name": "vpce-0eed4524df2a763aa-vkml1ygp-eu-central-1b.ec2messages.eu-central-1.vpce.amazonaws.com",
                "hosted_zone_id": "Z273ZU8SZ5RJPC"
              },
              {
                "dns_name": "vpce-0eed4524df2a763aa-vkml1ygp-eu-central-1a.ec2messages.eu-central-1.vpce.amazonaws.com",
                "hosted_zone_id": "Z273ZU8SZ5RJPC"
              },
              {
                "dns_name": "ec2messages.eu-central-1.amazonaws.com",
                "hosted_zone_id": "Z09333992TJA4J0GZB84B"
              }
            ],
            "dns_options": [
              {
                "dns_record_ip_type": "ipv4",
                "private_dns_only_for_inbound_resolver_endpoint": false,
                "private_dns_preference": "",
                "private_dns_specified_domains": []
              }
            ],
            "id": "vpce-0eed4524df2a763aa",
            "ip_address_type": "ipv4",
            "network_interface_ids": [
              "eni-068e1f8d3b05e0fdb",
              "eni-0e1580c5bd6c8f807"
            ],
            "owner_id": "459969247641",
            "policy": "{\"Statement\":[{\"Action\":\"*\",\"Effect\":\"Allow\",\"Principal\":\"*\",\"Resource\":\"*\"}]}",
            "prefix_list_id": null,
            "private_dns_enabled": true,
            "region": "eu-central-1",
            "requester_managed": false,
            "resource_configuration_arn": "",
            "route_table_ids": [],
            "security_group_ids": [
              "sg-0aee4cbc1c916454e"
            ],
            "service_name": "com.amazonaws.eu-central-1.ec2messages",
            "service_network_arn": "",
            "service_region": "eu-central-1",
            "state": "available",
            "subnet_configuration": [
              {
                "ipv4": "10.0.1.138",
                "ipv6": "",
                "subnet_id": "subnet-0ca4c159931efaac6"
              },
              {
                "ipv4": "10.0.2.213",
                "ipv6": "",
                "subnet_id": "subnet-0e3d1d751860d6196"
              }
            ],
            "subnet_ids": [
              "subnet-0ca4c159931efaac6",
              "subnet-0e3d1d751860d6196"
            ],
            "tags": {},
            "tags_all": {},
            "timeouts": null,
            "vpc_endpoint_type": "Interface",
            "vpc_id": "vpc-007040c763d566028"
          },
          "sensitive_attributes": [],
          "identity_schema_version": 0,
          "identity": {
            "account_id": "459969247641",
            "id": "vpce-0eed4524df2a763aa",
            "region": "eu-central-1"
          },
          "private": "eyJlMmJmYjczMC1lY2FhLTExZTYtOGY4OC0zNDM2M2JjN2M0YzAiOnsiY3JlYXRlIjo2MDAwMDAwMDAwMDAsImRlbGV0ZSI6NjAwMDAwMDAwMDAwLCJ1cGRhdGUiOjYwMDAwMDAwMDAwMH19",
          "dependencies": [
            "aws_security_group.vpc_endpoints_sg",
            "aws_subnet.private1",
            "aws_subnet.private2",
            "aws_vpc.main",
            "data.aws_region.current"
          ]
        }
      ]
    },
    {
      "mode": "managed",
      "type": "aws_vpc_endpoint",
      "name": "ssm",
      "provider": "provider[\"registry.terraform.io/hashicorp/aws\"]",
      "instances": [
        {
          "schema_version": 0,
          "attributes": {
            "arn": "arn:aws:ec2:eu-central-1:459969247641:vpc-endpoint/vpce-0f377dbbbb8f22c46",
            "auto_accept": null,
            "cidr_blocks": [],
            "dns_entry": [
              {
                "dns_name": "vpce-0f377dbbbb8f22c46-mlpuodrq.ssm.eu-central-1.vpce.amazonaws.com",
                "hosted_zone_id": "Z273ZU8SZ5RJPC"
              },
              {
                "dns_name": "vpce-0f377dbbbb8f22c46-mlpuodrq-eu-central-1b.ssm.eu-central-1.vpce.amazonaws.com",
                "hosted_zone_id": "Z273ZU8SZ5RJPC"
              },
              {
                "dns_name": "vpce-0f377dbbbb8f22c46-mlpuodrq-eu-central-1a.ssm.eu-central-1.vpce.amazonaws.com",
                "hosted_zone_id": "Z273ZU8SZ5RJPC"
              },
              {
                "dns_name": "ssm.eu-central-1.amazonaws.com",
                "hosted_zone_id": "Z067469132XUTS20ZWS4Q"
              },
              {
                "dns_name": "ssm.eu-central-1.api.aws",
                "hosted_zone_id": "Z06835071CQ143LKV5VTW"
              }
            ],
            "dns_options": [
              {
                "dns_record_ip_type": "ipv4",
                "private_dns_only_for_inbound_resolver_endpoint": false,
                "private_dns_preference": "",
                "private_dns_specified_domains": []
              }
            ],
            "id": "vpce-0f377dbbbb8f22c46",
            "ip_address_type": "ipv4",
            "network_interface_ids": [
              "eni-090c4959eeea9572f",
              "eni-0c75929f2b90e8169"
            ],
            "owner_id": "459969247641",
            "policy": "{\"Statement\":[{\"Action\":\"*\",\"Effect\":\"Allow\",\"Principal\":\"*\",\"Resource\":\"*\"}]}",
            "prefix_list_id": null,
            "private_dns_enabled": true,
            "region": "eu-central-1",
            "requester_managed": false,
            "resource_configuration_arn": "",
            "route_table_ids": [],
            "security_group_ids": [
              "sg-0aee4cbc1c916454e"
            ],
            "service_name": "com.amazonaws.eu-central-1.ssm",
            "service_network_arn": "",
            "service_region": "eu-central-1",
            "state": "available",
            "subnet_configuration": [
              {
                "ipv4": "10.0.1.42",
                "ipv6": "",
                "subnet_id": "subnet-0ca4c159931efaac6"
              },
              {
                "ipv4": "10.0.2.4",
                "ipv6": "",
                "subnet_id": "subnet-0e3d1d751860d6196"
              }
            ],
            "subnet_ids": [
              "subnet-0ca4c159931efaac6",
              "subnet-0e3d1d751860d6196"
            ],
            "tags": {},
            "tags_all": {},
            "timeouts": null,
            "vpc_endpoint_type": "Interface",
            "vpc_id": "vpc-007040c763d566028"
          },
          "sensitive_attributes": [],
          "identity_schema_version": 0,
          "identity": {
            "account_id": "459969247641",
            "id": "vpce-0f377dbbbb8f22c46",
            "region": "eu-central-1"
          },
          "private": "eyJlMmJmYjczMC1lY2FhLTExZTYtOGY4OC0zNDM2M2JjN2M0YzAiOnsiY3JlYXRlIjo2MDAwMDAwMDAwMDAsImRlbGV0ZSI6NjAwMDAwMDAwMDAwLCJ1cGRhdGUiOjYwMDAwMDAwMDAwMH19",
          "dependencies": [
            "aws_security_group.vpc_endpoints_sg",
            "aws_subnet.private1",
            "aws_subnet.private2",
            "aws_vpc.main",
            "data.aws_region.current"
          ]
        }
      ]
    },
    {
      "mode": "managed",
      "type": "aws_vpc_endpoint",
      "name": "ssmmessages",
      "provider": "provider[\"registry.terraform.io/hashicorp/aws\"]",
      "instances": [
        {
          "schema_version": 0,
          "attributes": {
            "arn": "arn:aws:ec2:eu-central-1:459969247641:vpc-endpoint/vpce-0fc23d4188d447040",
            "auto_accept": null,
            "cidr_blocks": [],
            "dns_entry": [
              {
                "dns_name": "vpce-0fc23d4188d447040-sb90s3r5.ssmmessages.eu-central-1.vpce.amazonaws.com",
                "hosted_zone_id": "Z273ZU8SZ5RJPC"
              },
              {
                "dns_name": "vpce-0fc23d4188d447040-sb90s3r5-eu-central-1b.ssmmessages.eu-central-1.vpce.amazonaws.com",
                "hosted_zone_id": "Z273ZU8SZ5RJPC"
              },
              {
                "dns_name": "vpce-0fc23d4188d447040-sb90s3r5-eu-central-1a.ssmmessages.eu-central-1.vpce.amazonaws.com",
                "hosted_zone_id": "Z273ZU8SZ5RJPC"
              },
              {
                "dns_name": "ssmmessages.eu-central-1.amazonaws.com",
                "hosted_zone_id": "Z0682784UOTZYNBEN2CT"
              },
              {
                "dns_name": "ssmmessages.eu-central-1.api.aws",
                "hosted_zone_id": "Z093142765L5WIZJOKU"
              }
            ],
            "dns_options": [
              {
                "dns_record_ip_type": "ipv4",
                "private_dns_only_for_inbound_resolver_endpoint": false,
                "private_dns_preference": "",
                "private_dns_specified_domains": []
              }
            ],
            "id": "vpce-0fc23d4188d447040",
            "ip_address_type": "ipv4",
            "network_interface_ids": [
              "eni-028e3361c95e32b48",
              "eni-0b02f84a8220b84c4"
            ],
            "owner_id": "459969247641",
            "policy": "{\"Statement\":[{\"Action\":\"*\",\"Effect\":\"Allow\",\"Principal\":\"*\",\"Resource\":\"*\"}]}",
            "prefix_list_id": null,
            "private_dns_enabled": true,
            "region": "eu-central-1",
            "requester_managed": false,
            "resource_configuration_arn": "",
            "route_table_ids": [],
            "security_group_ids": [
              "sg-0aee4cbc1c916454e"
            ],
            "service_name": "com.amazonaws.eu-central-1.ssmmessages",
            "service_network_arn": "",
            "service_region": "eu-central-1",
            "state": "available",
            "subnet_configuration": [
              {
                "ipv4": "10.0.1.239",
                "ipv6": "",
                "subnet_id": "subnet-0ca4c159931efaac6"
              },
              {
                "ipv4": "10.0.2.83",
                "ipv6": "",
                "subnet_id": "subnet-0e3d1d751860d6196"
              }
            ],
            "subnet_ids": [
              "subnet-0ca4c159931efaac6",
              "subnet-0e3d1d751860d6196"
            ],
            "tags": {},
            "tags_all": {},
            "timeouts": null,
            "vpc_endpoint_type": "Interface",
            "vpc_id": "vpc-007040c763d566028"
          },
          "sensitive_attributes": [],
          "identity_schema_version": 0,
          "identity": {
            "account_id": "459969247641",
            "id": "vpce-0fc23d4188d447040",
            "region": "eu-central-1"
          },
          "private": "eyJlMmJmYjczMC1lY2FhLTExZTYtOGY4OC0zNDM2M2JjN2M0YzAiOnsiY3JlYXRlIjo2MDAwMDAwMDAwMDAsImRlbGV0ZSI6NjAwMDAwMDAwMDAwLCJ1cGRhdGUiOjYwMDAwMDAwMDAwMH19",
          "dependencies": [
            "aws_security_group.vpc_endpoints_sg",
            "aws_subnet.private1",
            "aws_subnet.private2",
            "aws_vpc.main",
            "data.aws_region.current"
          ]
        }
      ]
    }
  ],
  "check_results": null
}
